// !$*UTF8*$!
{
	archiveVersion = 1;
	classes = {
	};
	objectVersion = 50;
	objects = {

/* Begin PBXBuildFile section */
		76A7D38F26C757E800BBA130 /* Model.swift in Sources */ = {isa = PBXBuildFile; fileRef = 76A7D38E26C757E800BBA130 /* Model.swift */; };
		76AF569126C8705200842B18 /* totalAmountCell.swift in Sources */ = {isa = PBXBuildFile; fileRef = 76AF569026C8705200842B18 /* totalAmountCell.swift */; };
		76AF569326C8708300842B18 /* addTotalCell.swift in Sources */ = {isa = PBXBuildFile; fileRef = 76AF569226C8708300842B18 /* addTotalCell.swift */; };
		76AF569526C8709700842B18 /* addPaidCell.swift in Sources */ = {isa = PBXBuildFile; fileRef = 76AF569426C8709700842B18 /* addPaidCell.swift */; };
		76C84B0A26C5DB36008AE153 /* AppDelegate.swift in Sources */ = {isa = PBXBuildFile; fileRef = 76C84B0926C5DB36008AE153 /* AppDelegate.swift */; };
		76C84B0C26C5DB36008AE153 /* SceneDelegate.swift in Sources */ = {isa = PBXBuildFile; fileRef = 76C84B0B26C5DB36008AE153 /* SceneDelegate.swift */; };
		76C84B0E26C5DB36008AE153 /* HomeViewController.swift in Sources */ = {isa = PBXBuildFile; fileRef = 76C84B0D26C5DB36008AE153 /* HomeViewController.swift */; };
		76C84B1126C5DB36008AE153 /* Main.storyboard in Resources */ = {isa = PBXBuildFile; fileRef = 76C84B0F26C5DB36008AE153 /* Main.storyboard */; };
		76C84B1326C5DB38008AE153 /* Assets.xcassets in Resources */ = {isa = PBXBuildFile; fileRef = 76C84B1226C5DB38008AE153 /* Assets.xcassets */; };
		76C84B1626C5DB38008AE153 /* LaunchScreen.storyboard in Resources */ = {isa = PBXBuildFile; fileRef = 76C84B1426C5DB38008AE153 /* LaunchScreen.storyboard */; };
/* End PBXBuildFile section */

/* Begin PBXFileReference section */
		76A7D38E26C757E800BBA130 /* Model.swift */ = {isa = PBXFileReference; lastKnownFileType = sourcecode.swift; path = Model.swift; sourceTree = "<group>"; };
		76AF569026C8705200842B18 /* totalAmountCell.swift */ = {isa = PBXFileReference; lastKnownFileType = sourcecode.swift; path = totalAmountCell.swift; sourceTree = "<group>"; };
		76AF569226C8708300842B18 /* addTotalCell.swift */ = {isa = PBXFileReference; lastKnownFileType = sourcecode.swift; path = addTotalCell.swift; sourceTree = "<group>"; };
		76AF569426C8709700842B18 /* addPaidCell.swift */ = {isa = PBXFileReference; lastKnownFileType = sourcecode.swift; path = addPaidCell.swift; sourceTree = "<group>"; };
		76C84B0626C5DB36008AE153 /* iChange.app */ = {isa = PBXFileReference; explicitFileType = wrapper.application; includeInIndex = 0; path = iChange.app; sourceTree = BUILT_PRODUCTS_DIR; };
		76C84B0926C5DB36008AE153 /* AppDelegate.swift */ = {isa = PBXFileReference; lastKnownFileType = sourcecode.swift; path = AppDelegate.swift; sourceTree = "<group>"; };
		76C84B0B26C5DB36008AE153 /* SceneDelegate.swift */ = {isa = PBXFileReference; lastKnownFileType = sourcecode.swift; path = SceneDelegate.swift; sourceTree = "<group>"; };
		76C84B0D26C5DB36008AE153 /* HomeViewController.swift */ = {isa = PBXFileReference; lastKnownFileType = sourcecode.swift; path = HomeViewController.swift; sourceTree = "<group>"; };
		76C84B1026C5DB36008AE153 /* Base */ = {isa = PBXFileReference; lastKnownFileType = file.storyboard; name = Base; path = Base.lproj/Main.storyboard; sourceTree = "<group>"; };
		76C84B1226C5DB38008AE153 /* Assets.xcassets */ = {isa = PBXFileReference; lastKnownFileType = folder.assetcatalog; path = Assets.xcassets; sourceTree = "<group>"; };
		76C84B1526C5DB38008AE153 /* Base */ = {isa = PBXFileReference; lastKnownFileType = file.storyboard; name = Base; path = Base.lproj/LaunchScreen.storyboard; sourceTree = "<group>"; };
		76C84B1726C5DB38008AE153 /* Info.plist */ = {isa = PBXFileReference; lastKnownFileType = text.plist.xml; path = Info.plist; sourceTree = "<group>"; };
/* End PBXFileReference section */

/* Begin PBXFrameworksBuildPhase section */
		76C84B0326C5DB36008AE153 /* Frameworks */ = {
			isa = PBXFrameworksBuildPhase;
			buildActionMask = 2147483647;
			files = (
			);
			runOnlyForDeploymentPostprocessing = 0;
		};
/* End PBXFrameworksBuildPhase section */

/* Begin PBXGroup section */
		76AF568F26C8703C00842B18 /* Custome Table Cell */ = {
			isa = PBXGroup;
			children = (
				76AF569026C8705200842B18 /* totalAmountCell.swift */,
				76AF569226C8708300842B18 /* addTotalCell.swift */,
				76AF569426C8709700842B18 /* addPaidCell.swift */,
			);
			name = "Custome Table Cell";
			sourceTree = "<group>";
		};
		76C84AFD26C5DB36008AE153 = {
			isa = PBXGroup;
			children = (
				76C84B0826C5DB36008AE153 /* iChange */,
				76C84B0726C5DB36008AE153 /* Products */,
			);
			sourceTree = "<group>";
		};
		76C84B0726C5DB36008AE153 /* Products */ = {
			isa = PBXGroup;
			children = (
				76C84B0626C5DB36008AE153 /* iChange.app */,
			);
			name = Products;
			sourceTree = "<group>";
		};
		76C84B0826C5DB36008AE153 /* iChange */ = {
			isa = PBXGroup;
			children = (
				76A7D38E26C757E800BBA130 /* Model.swift */,
				76C84B0926C5DB36008AE153 /* AppDelegate.swift */,
				76AF568F26C8703C00842B18 /* Custome Table Cell */,
				76C84B0B26C5DB36008AE153 /* SceneDelegate.swift */,
				76C84B0D26C5DB36008AE153 /* HomeViewController.swift */,
				76C84B0F26C5DB36008AE153 /* Main.storyboard */,
				76C84B1226C5DB38008AE153 /* Assets.xcassets */,
				76C84B1426C5DB38008AE153 /* LaunchScreen.storyboard */,
				76C84B1726C5DB38008AE153 /* Info.plist */,
			);
			path = iChange;
			sourceTree = "<group>";
		};
/* End PBXGroup section */

/* Begin PBXNativeTarget section */
		76C84B0526C5DB36008AE153 /* iChange */ = {
			isa = PBXNativeTarget;
			buildConfigurationList = 76C84B1A26C5DB38008AE153 /* Build configuration list for PBXNativeTarget "iChange" */;
			buildPhases = (
				76C84B0226C5DB36008AE153 /* Sources */,
				76C84B0326C5DB36008AE153 /* Frameworks */,
				76C84B0426C5DB36008AE153 /* Resources */,
			);
			buildRules = (
			);
			dependencies = (
			);
			name = iChange;
			productName = iChange;
			productReference = 76C84B0626C5DB36008AE153 /* iChange.app */;
			productType = "com.apple.product-type.application";
		};
/* End PBXNativeTarget section */

/* Begin PBXProject section */
		76C84AFE26C5DB36008AE153 /* Project object */ = {
			isa = PBXProject;
			attributes = {
				LastSwiftUpdateCheck = 1250;
				LastUpgradeCheck = 1250;
				TargetAttributes = {
					76C84B0526C5DB36008AE153 = {
						CreatedOnToolsVersion = 12.5.1;
					};
				};
			};
			buildConfigurationList = 76C84B0126C5DB36008AE153 /* Build configuration list for PBXProject "iChange" */;
			compatibilityVersion = "Xcode 9.3";
			developmentRegion = en;
			hasScannedForEncodings = 0;
			knownRegions = (
				en,
				Base,
			);
			mainGroup = 76C84AFD26C5DB36008AE153;
			productRefGroup = 76C84B0726C5DB36008AE153 /* Products */;
			projectDirPath = "";
			projectRoot = "";
			targets = (
				76C84B0526C5DB36008AE153 /* iChange */,
			);
		};
/* End PBXProject section */

/* Begin PBXResourcesBuildPhase section */
		76C84B0426C5DB36008AE153 /* Resources */ = {
			isa = PBXResourcesBuildPhase;
			buildActionMask = 2147483647;
			files = (
				76C84B1626C5DB38008AE153 /* LaunchScreen.storyboard in Resources */,
				76C84B1326C5DB38008AE153 /* Assets.xcassets in Resources */,
				76C84B1126C5DB36008AE153 /* Main.storyboard in Resources */,
			);
			runOnlyForDeploymentPostprocessing = 0;
		};
/* End PBXResourcesBuildPhase section */

/* Begin PBXSourcesBuildPhase section */
		76C84B0226C5DB36008AE153 /* Sources */ = {
			isa = PBXSourcesBuildPhase;
			buildActionMask = 2147483647;
			files = (
				76AF569526C8709700842B18 /* addPaidCell.swift in Sources */,
				76AF569126C8705200842B18 /* totalAmountCell.swift in Sources */,
				76C84B0E26C5DB36008AE153 /* HomeViewController.swift in Sources */,
				76C84B0A26C5DB36008AE153 /* AppDelegate.swift in Sources */,
				76C84B0C26C5DB36008AE153 /* SceneDelegate.swift in Sources */,
				76AF569326C8708300842B18 /* addTotalCell.swift in Sources */,
				76A7D38F26C757E800BBA130 /* Model.swift in Sources */,
			);
			runOnlyForDeploymentPostprocessing = 0;
		};
/* End PBXSourcesBuildPhase section */

/* Begin PBXVariantGroup section */
		76C84B0F26C5DB36008AE153 /* Main.storyboard */ = {
			isa = PBXVariantGroup;
			children = (
				76C84B1026C5DB36008AE153 /* Base */,
			);
			name = Main.storyboard;
			sourceTree = "<group>";
		};
		76C84B1426C5DB38008AE153 /* LaunchScreen.storyboard */ = {
			isa = PBXVariantGroup;
			children = (
				76C84B1526C5DB38008AE153 /* Base */,
			);
			name = LaunchScreen.storyboard;
			sourceTree = "<group>";
		};
/* End PBXVariantGroup section */

/* Begin XCBuildConfiguration section */
		76C84B1826C5DB38008AE153 /* Debug */ = {
			isa = XCBuildConfiguration;
			buildSettings = {
				ALWAYS_SEARCH_USER_PATHS = NO;
				CLANG_ANALYZER_NONNULL = YES;
				CLANG_ANALYZER_NUMBER_OBJECT_CONVERSION = YES_AGGRESSIVE;
				CLANG_CXX_LANGUAGE_STANDARD = "gnu++14";
				CLANG_CXX_LIBRARY = "libc++";
				CLANG_ENABLE_MODULES = YES;
				CLANG_ENABLE_OBJC_ARC = YES;
				CLANG_ENABLE_OBJC_WEAK = YES;
				CLANG_WARN_BLOCK_CAPTURE_AUTORELEASING = YES;
				CLANG_WARN_BOOL_CONVERSION = YES;
				CLANG_WARN_COMMA = YES;
				CLANG_WARN_CONSTANT_CONVERSION = YES;
				CLANG_WARN_DEPRECATED_OBJC_IMPLEMENTATIONS = YES;
				CLANG_WARN_DIRECT_OBJC_ISA_USAGE = YES_ERROR;
				CLANG_WARN_DOCUMENTATION_COMMENTS = YES;
				CLANG_WARN_EMPTY_BODY = YES;
				CLANG_WARN_ENUM_CONVERSION = YES;
				CLANG_WARN_INFINITE_RECURSION = YES;
				CLANG_WARN_INT_CONVERSION = YES;
				CLANG_WARN_NON_LITERAL_NULL_CONVERSION = YES;
				CLANG_WARN_OBJC_IMPLICIT_RETAIN_SELF = YES;
				CLANG_WARN_OBJC_LITERAL_CONVERSION = YES;
				CLANG_WARN_OBJC_ROOT_CLASS = YES_ERROR;
				CLANG_WARN_QUOTED_INCLUDE_IN_FRAMEWORK_HEADER = YES;
				CLANG_WARN_RANGE_LOOP_ANALYSIS = YES;
				CLANG_WARN_STRICT_PROTOTYPES = YES;
				CLANG_WARN_SUSPICIOUS_MOVE = YES;
				CLANG_WARN_UNGUARDED_AVAILABILITY = YES_AGGRESSIVE;
				CLANG_WARN_UNREACHABLE_CODE = YES;
				CLANG_WARN__DUPLICATE_METHOD_MATCH = YES;
				COPY_PHASE_STRIP = NO;
				DEBUG_INFORMATION_FORMAT = dwarf;
				ENABLE_STRICT_OBJC_MSGSEND = YES;
				ENABLE_TESTABILITY = YES;
				GCC_C_LANGUAGE_STANDARD = gnu11;
				GCC_DYNAMIC_NO_PIC = NO;
				GCC_NO_COMMON_BLOCKS = YES;
				GCC_OPTIMIZATION_LEVEL = 0;
				GCC_PREPROCESSOR_DEFINITIONS = (
					"DEBUG=1",
					"$(inherited)",
				);
				GCC_WARN_64_TO_32_BIT_CONVERSION = YES;
				GCC_WARN_ABOUT_RETURN_TYPE = YES_ERROR;
				GCC_WARN_UNDECLARED_SELECTOR = YES;
				GCC_WARN_UNINITIALIZED_AUTOS = YES_AGGRESSIVE;
				GCC_WARN_UNUSED_FUNCTION = YES;
				GCC_WARN_UNUSED_VARIABLE = YES;
				IPHONEOS_DEPLOYMENT_TARGET = 14.5;
				MTL_ENABLE_DEBUG_INFO = INCLUDE_SOURCE;
				MTL_FAST_MATH = YES;
				ONLY_ACTIVE_ARCH = YES;
				SDKROOT = iphoneos;
				SWIFT_ACTIVE_COMPILATION_CONDITIONS = DEBUG;
				SWIFT_OPTIMIZATION_LEVEL = "-Onone";
			};
			name = Debug;
		};
		76C84B1926C5DB38008AE153 /* Release */ = {
			isa = XCBuildConfiguration;
			buildSettings = {
				ALWAYS_SEARCH_USER_PATHS = NO;
				CLANG_ANALYZER_NONNULL = YES;
				CLANG_ANALYZER_NUMBER_OBJECT_CONVERSION = YES_AGGRESSIVE;
				CLANG_CXX_LANGUAGE_STANDARD = "gnu++14";
				CLANG_CXX_LIBRARY = "libc++";
				CLANG_ENABLE_MODULES = YES;
				CLANG_ENABLE_OBJC_ARC = YES;
				CLANG_ENABLE_OBJC_WEAK = YES;
				CLANG_WARN_BLOCK_CAPTURE_AUTORELEASING = YES;
				CLANG_WARN_BOOL_CONVERSION = YES;
				CLANG_WARN_COMMA = YES;
				CLANG_WARN_CONSTANT_CONVERSION = YES;
				CLANG_WARN_DEPRECATED_OBJC_IMPLEMENTATIONS = YES;
				CLANG_WARN_DIRECT_OBJC_ISA_USAGE = YES_ERROR;
				CLANG_WARN_DOCUMENTATION_COMMENTS = YES;
				CLANG_WARN_EMPTY_BODY = YES;
				CLANG_WARN_ENUM_CONVERSION = YES;
				CLANG_WARN_INFINITE_RECURSION = YES;
				CLANG_WARN_INT_CONVERSION = YES;
				CLANG_WARN_NON_LITERAL_NULL_CONVERSION = YES;
				CLANG_WARN_OBJC_IMPLICIT_RETAIN_SELF = YES;
				CLANG_WARN_OBJC_LITERAL_CONVERSION = YES;
				CLANG_WARN_OBJC_ROOT_CLASS = YES_ERROR;
				CLANG_WARN_QUOTED_INCLUDE_IN_FRAMEWORK_HEADER = YES;
				CLANG_WARN_RANGE_LOOP_ANALYSIS = YES;
				CLANG_WARN_STRICT_PROTOTYPES = YES;
				CLANG_WARN_SUSPICIOUS_MOVE = YES;
				CLANG_WARN_UNGUARDED_AVAILABILITY = YES_AGGRESSIVE;
				CLANG_WARN_UNREACHABLE_CODE = YES;
				CLANG_WARN__DUPLICATE_METHOD_MATCH = YES;
				COPY_PHASE_STRIP = NO;
				DEBUG_INFORMATION_FORMAT = "dwarf-with-dsym";
				ENABLE_NS_ASSERTIONS = NO;
				ENABLE_STRICT_OBJC_MSGSEND = YES;
				GCC_C_LANGUAGE_STANDARD = gnu11;
				GCC_NO_COMMON_BLOCKS = YES;
				GCC_WARN_64_TO_32_BIT_CONVERSION = YES;
				GCC_WARN_ABOUT_RETURN_TYPE = YES_ERROR;
				GCC_WARN_UNDECLARED_SELECTOR = YES;
				GCC_WARN_UNINITIALIZED_AUTOS = YES_AGGRESSIVE;
				GCC_WARN_UNUSED_FUNCTION = YES;
				GCC_WARN_UNUSED_VARIABLE = YES;
				IPHONEOS_DEPLOYMENT_TARGET = 14.5;
				MTL_ENABLE_DEBUG_INFO = NO;
				MTL_FAST_MATH = YES;
				SDKROOT = iphoneos;
				SWIFT_COMPILATION_MODE = wholemodule;
				SWIFT_OPTIMIZATION_LEVEL = "-O";
				VALIDATE_PRODUCT = YES;
			};
			name = Release;
		};
		76C84B1B26C5DB38008AE153 /* Debug */ = {
			isa = XCBuildConfiguration;
			buildSettings = {
				ASSETCATALOG_COMPILER_APPICON_NAME = AppIcon;
				ASSETCATALOG_COMPILER_GLOBAL_ACCENT_COLOR_NAME = AccentColor;
				CODE_SIGN_STYLE = Automatic;
				DEVELOPMENT_TEAM = 548J7RG44L;
				INFOPLIST_FILE = iChange/Info.plist;
				LD_RUNPATH_SEARCH_PATHS = (
					"$(inherited)",
					"@executable_path/Frameworks",
				);
				PRODUCT_BUNDLE_IDENTIFIER = com.aliceKim.iChange;
				PRODUCT_NAME = "$(TARGET_NAME)";
				SWIFT_VERSION = 5.0;
				TARGETED_DEVICE_FAMILY = "1,2";
			};
			name = Debug;
		};
		76C84B1C26C5DB38008AE153 /* Release */ = {
			isa = XCBuildConfiguration;
			buildSettings = {
				ASSETCATALOG_COMPILER_APPICON_NAME = AppIcon;
				ASSETCATALOG_COMPILER_GLOBAL_ACCENT_COLOR_NAME = AccentColor;
				CODE_SIGN_STYLE = Automatic;
				DEVELOPMENT_TEAM = 548J7RG44L;
				INFOPLIST_FILE = iChange/Info.plist;
				LD_RUNPATH_SEARCH_PATHS = (
					"$(inherited)",
					"@executable_path/Frameworks",
				);
				PRODUCT_BUNDLE_IDENTIFIER = com.aliceKim.iChange;
				PRODUCT_NAME = "$(TARGET_NAME)";
				SWIFT_VERSION = 5.0;
				TARGETED_DEVICE_FAMILY = "1,2";
			};
			name = Release;
		};
/* End XCBuildConfiguration section */

/* Begin XCConfigurationList section */
		76C84B0126C5DB36008AE153 /* Build configuration list for PBXProject "iChange" */ = {
			isa = XCConfigurationList;
			buildConfigurations = (
				76C84B1826C5DB38008AE153 /* Debug */,
				76C84B1926C5DB38008AE153 /* Release */,
			);
			defaultConfigurationIsVisible = 0;
			defaultConfigurationName = Release;
		};
		76C84B1A26C5DB38008AE153 /* Build configuration list for PBXNativeTarget "iChange" */ = {
			isa = XCConfigurationList;
			buildConfigurations = (
				76C84B1B26C5DB38008AE153 /* Debug */,
				76C84B1C26C5DB38008AE153 /* Release */,
			);
			defaultConfigurationIsVisible = 0;
			defaultConfigurationName = Release;
		};
/* End XCConfigurationList section */
	};
	rootObject = 76C84AFE26C5DB36008AE153 /* Project object */;
}
